
Microsoft Visual Studio Solution File, Format Version 12.00
# Visual Studio Version 17
VisualStudioVersion = 17.1.32328.378
MinimumVisualStudioVersion = 10.0.40219.1
Project("{FAE04EC0-301F-11D3-BF4B-00C04F79EFBC}") = "RefReturnsExample", "RefReturnsExample\RefReturnsExample.csproj", "{7721D2A5-E2F7-4B8F-A2FF-7FF5DBA179ED}"
EndProject
Global
	GlobalSection(SolutionConfigurationPlatforms) = preSolution
		Debug|Any CPU = Debug|Any CPU
		Release|Any CPU = Release|Any CPU
	EndGlobalSection
	GlobalSection(ProjectConfigurationPlatforms) = postSolution
		{7721D2A5-E2F7-4B8F-A2FF-7FF5DBA179ED}.Debug|Any CPU.ActiveCfg = Debug|Any CPU
		{7721D2A5-E2F7-4B8F-A2FF-7FF5DBA179ED}.Debug|Any CPU.Build.0 = Debug|Any CPU
		{7721D2A5-E2F7-4B8F-A2FF-7FF5DBA179ED}.Release|Any CPU.ActiveCfg = Release|Any CPU
		{7721D2A5-E2F7-4B8F-A2FF-7FF5DBA179ED}.Release|Any CPU.Build.0 = Release|Any CPU
	EndGlobalSection
	GlobalSection(SolutionProperties) = preSolution
		HideSolutionNode = FALSE
	EndGlobalSection
	GlobalSection(ExtensibilityGlobals) = postSolution
		SolutionGuid = {C9BB8A27-E32F-44A7-AE80-162A8DE94CC5}
	EndGlobalSection
EndGlobal
